
Microsoft Visual Studio Solution File, Format Version 12.00
Project("{FAE04EC0-301F-11D3-BF4B-00C04F79EFBC}") = "InventoryOrderManagement.Core", "InventoryOrderManagement.Core\InventoryOrderManagement.Core.csproj", "{6C714F42-33A4-4EC5-ADC0-0516FBD114C0}"
EndProject
Project("{FAE04EC0-301F-11D3-BF4B-00C04F79EFBC}") = "InventoryOrderManagement.Application", "InventoryOrderManagement.Application\InventoryOrderManagement.Application.csproj", "{43139111-8B92-4478-AB4A-5C45467018A5}"
EndProject
Project("{FAE04EC0-301F-11D3-BF4B-00C04F79EFBC}") = "InventoryOrderManagement.Infrastructure", "InventoryOrderManagement.Infrastructure\InventoryOrderManagement.Infrastructure.csproj", "{5372EF1D-64C1-4A59-828C-92CB692D7FB2}"
EndProject
Project("{FAE04EC0-301F-11D3-BF4B-00C04F79EFBC}") = "InventoryOrderManagement.Presentation", "InventoryOrderManagement.Presentation\InventoryOrderManagement.Presentation.csproj", "{341D222A-4781-4E77-ACEC-7252F196C531}"
EndProject
Global
	GlobalSection(SolutionConfigurationPlatforms) = preSolution
		Debug|Any CPU = Debug|Any CPU
		Release|Any CPU = Release|Any CPU
	EndGlobalSection
	GlobalSection(ProjectConfigurationPlatforms) = postSolution
		{6C714F42-33A4-4EC5-ADC0-0516FBD114C0}.Debug|Any CPU.ActiveCfg = Debug|Any CPU
		{6C714F42-33A4-4EC5-ADC0-0516FBD114C0}.Debug|Any CPU.Build.0 = Debug|Any CPU
		{6C714F42-33A4-4EC5-ADC0-0516FBD114C0}.Release|Any CPU.ActiveCfg = Release|Any CPU
		{6C714F42-33A4-4EC5-ADC0-0516FBD114C0}.Release|Any CPU.Build.0 = Release|Any CPU
		{43139111-8B92-4478-AB4A-5C45467018A5}.Debug|Any CPU.ActiveCfg = Debug|Any CPU
		{43139111-8B92-4478-AB4A-5C45467018A5}.Debug|Any CPU.Build.0 = Debug|Any CPU
		{43139111-8B92-4478-AB4A-5C45467018A5}.Release|Any CPU.ActiveCfg = Release|Any CPU
		{43139111-8B92-4478-AB4A-5C45467018A5}.Release|Any CPU.Build.0 = Release|Any CPU
		{5372EF1D-64C1-4A59-828C-92CB692D7FB2}.Debug|Any CPU.ActiveCfg = Debug|Any CPU
		{5372EF1D-64C1-4A59-828C-92CB692D7FB2}.Debug|Any CPU.Build.0 = Debug|Any CPU
		{5372EF1D-64C1-4A59-828C-92CB692D7FB2}.Release|Any CPU.ActiveCfg = Release|Any CPU
		{5372EF1D-64C1-4A59-828C-92CB692D7FB2}.Release|Any CPU.Build.0 = Release|Any CPU
		{341D222A-4781-4E77-ACEC-7252F196C531}.Debug|Any CPU.ActiveCfg = Debug|Any CPU
		{341D222A-4781-4E77-ACEC-7252F196C531}.Debug|Any CPU.Build.0 = Debug|Any CPU
		{341D222A-4781-4E77-ACEC-7252F196C531}.Release|Any CPU.ActiveCfg = Release|Any CPU
		{341D222A-4781-4E77-ACEC-7252F196C531}.Release|Any CPU.Build.0 = Release|Any CPU
	EndGlobalSection
EndGlobal
